
Microsoft Visual Studio Solution File, Format Version 12.00
# Visual Studio Version 17
VisualStudioVersion = 17.9.34622.214
MinimumVisualStudioVersion = 10.0.40219.1
Project("{9A19103F-16F7-4668-BE54-9A1E7A4F7556}") = "SingleWebApplication", "SingleWebApplication\SingleWebApplication.csproj", "{9945D0E6-BEBF-4250-9C5C-DDE59A3DD1C9}"
EndProject
Project("{9A19103F-16F7-4668-BE54-9A1E7A4F7556}") = "SingleWebApplication.API", "SingleWebApplication.API\SingleWebApplication.API.csproj", "{0C7FB9F3-4261-4730-8238-3F0BFA0A91D3}"
EndProject
Project("{E53339B2-1760-4266-BCC7-CA923CBCF16C}") = "docker-compose", "docker-compose.dcproj", "{16C8B917-69BA-4834-AEAF-805A31652A83}"
EndProject
Project("{2150E333-8FDC-42A3-9474-1A3956D46DE8}") = "SingleWebApplication.DataAPIBuilder", "SingleWebApplication.DataAPIBuilder", "{3727735F-E36B-4354-A899-FF67B4A4AE8C}"
	ProjectSection(SolutionItems) = preProject
		SingleWebApplication.DataAPIBuilder\Dockerfile = SingleWebApplication.DataAPIBuilder\Dockerfile
	EndProjectSection
EndProject
Global
	GlobalSection(SolutionConfigurationPlatforms) = preSolution
		Debug|Any CPU = Debug|Any CPU
		Release|Any CPU = Release|Any CPU
	EndGlobalSection
	GlobalSection(ProjectConfigurationPlatforms) = postSolution
		{9945D0E6-BEBF-4250-9C5C-DDE59A3DD1C9}.Debug|Any CPU.ActiveCfg = Debug|Any CPU
		{9945D0E6-BEBF-4250-9C5C-DDE59A3DD1C9}.Debug|Any CPU.Build.0 = Debug|Any CPU
		{9945D0E6-BEBF-4250-9C5C-DDE59A3DD1C9}.Release|Any CPU.ActiveCfg = Release|Any CPU
		{9945D0E6-BEBF-4250-9C5C-DDE59A3DD1C9}.Release|Any CPU.Build.0 = Release|Any CPU
		{0C7FB9F3-4261-4730-8238-3F0BFA0A91D3}.Debug|Any CPU.ActiveCfg = Debug|Any CPU
		{0C7FB9F3-4261-4730-8238-3F0BFA0A91D3}.Debug|Any CPU.Build.0 = Debug|Any CPU
		{0C7FB9F3-4261-4730-8238-3F0BFA0A91D3}.Release|Any CPU.ActiveCfg = Release|Any CPU
		{0C7FB9F3-4261-4730-8238-3F0BFA0A91D3}.Release|Any CPU.Build.0 = Release|Any CPU
		{16C8B917-69BA-4834-AEAF-805A31652A83}.Debug|Any CPU.ActiveCfg = Debug|Any CPU
		{16C8B917-69BA-4834-AEAF-805A31652A83}.Debug|Any CPU.Build.0 = Debug|Any CPU
		{16C8B917-69BA-4834-AEAF-805A31652A83}.Release|Any CPU.ActiveCfg = Release|Any CPU
		{16C8B917-69BA-4834-AEAF-805A31652A83}.Release|Any CPU.Build.0 = Release|Any CPU
	EndGlobalSection
	GlobalSection(SolutionProperties) = preSolution
		HideSolutionNode = FALSE
	EndGlobalSection
	GlobalSection(ExtensibilityGlobals) = postSolution
		SolutionGuid = {7765C1B1-4D2A-4ADB-8B61-72D26FEF24B1}
	EndGlobalSection
EndGlobal
